
Microsoft Visual Studio Solution File, Format Version 12.00
# Visual Studio 15
VisualStudioVersion = 15.0.27004.2006
MinimumVisualStudioVersion = 10.0.40219.1
Project("{8BC9CEB8-8B4A-11D0-8D11-00A0C91BC942}") = "vko43", "vko43\vko43.vcxproj", "{83394C9F-397C-4655-AEE6-00D616093961}"
EndProject
Global
	GlobalSection(SolutionConfigurationPlatforms) = preSolution
		Debug|x64 = Debug|x64
		Debug|x86 = Debug|x86
		Release|x64 = Release|x64
		Release|x86 = Release|x86
	EndGlobalSection
	GlobalSection(ProjectConfigurationPlatforms) = postSolution
		{83394C9F-397C-4655-AEE6-00D616093961}.Debug|x64.ActiveCfg = Debug|x64
		{83394C9F-397C-4655-AEE6-00D616093961}.Debug|x64.Build.0 = Debug|x64
		{83394C9F-397C-4655-AEE6-00D616093961}.Debug|x86.ActiveCfg = Debug|Win32
		{83394C9F-397C-4655-AEE6-00D616093961}.Debug|x86.Build.0 = Debug|Win32
		{83394C9F-397C-4655-AEE6-00D616093961}.Release|x64.ActiveCfg = Release|x64
		{83394C9F-397C-4655-AEE6-00D616093961}.Release|x64.Build.0 = Release|x64
		{83394C9F-397C-4655-AEE6-00D616093961}.Release|x86.ActiveCfg = Release|Win32
		{83394C9F-397C-4655-AEE6-00D616093961}.Release|x86.Build.0 = Release|Win32
	EndGlobalSection
	GlobalSection(SolutionProperties) = preSolution
		HideSolutionNode = FALSE
	EndGlobalSection
	GlobalSection(ExtensibilityGlobals) = postSolution
		SolutionGuid = {B2CAD141-B820-4EA3-A5E1-689C1443721D}
	EndGlobalSection
EndGlobal
